
Microsoft Visual Studio Solution File, Format Version 12.00
# Visual Studio Version 17
VisualStudioVersion = 17.1.32210.238
MinimumVisualStudioVersion = 10.0.40219.1
Project("{FAE04EC0-301F-11D3-BF4B-00C04F79EFBC}") = "Session-15.Model", "Session-15.Model\Session-15.Model.csproj", "{929D9982-59D2-4A40-B23D-0F9333B32C05}"
EndProject
Project("{FAE04EC0-301F-11D3-BF4B-00C04F79EFBC}") = "Session-15.Win", "Session-15.Win\Session-15.Win.csproj", "{8F4A4DA6-114E-46AC-B541-542AA7FA6E5F}"
EndProject
Project("{FAE04EC0-301F-11D3-BF4B-00C04F79EFBC}") = "Session-15.EF", "Session-15.EF\Session-15.EF.csproj", "{60ACEEA8-0FAA-41A1-8D3B-819A016449EC}"
EndProject
Global
	GlobalSection(SolutionConfigurationPlatforms) = preSolution
		Debug|Any CPU = Debug|Any CPU
		Release|Any CPU = Release|Any CPU
	EndGlobalSection
	GlobalSection(ProjectConfigurationPlatforms) = postSolution
		{929D9982-59D2-4A40-B23D-0F9333B32C05}.Debug|Any CPU.ActiveCfg = Debug|Any CPU
		{929D9982-59D2-4A40-B23D-0F9333B32C05}.Debug|Any CPU.Build.0 = Debug|Any CPU
		{929D9982-59D2-4A40-B23D-0F9333B32C05}.Release|Any CPU.ActiveCfg = Release|Any CPU
		{929D9982-59D2-4A40-B23D-0F9333B32C05}.Release|Any CPU.Build.0 = Release|Any CPU
		{8F4A4DA6-114E-46AC-B541-542AA7FA6E5F}.Debug|Any CPU.ActiveCfg = Debug|Any CPU
		{8F4A4DA6-114E-46AC-B541-542AA7FA6E5F}.Debug|Any CPU.Build.0 = Debug|Any CPU
		{8F4A4DA6-114E-46AC-B541-542AA7FA6E5F}.Release|Any CPU.ActiveCfg = Release|Any CPU
		{8F4A4DA6-114E-46AC-B541-542AA7FA6E5F}.Release|Any CPU.Build.0 = Release|Any CPU
		{60ACEEA8-0FAA-41A1-8D3B-819A016449EC}.Debug|Any CPU.ActiveCfg = Debug|Any CPU
		{60ACEEA8-0FAA-41A1-8D3B-819A016449EC}.Debug|Any CPU.Build.0 = Debug|Any CPU
		{60ACEEA8-0FAA-41A1-8D3B-819A016449EC}.Release|Any CPU.ActiveCfg = Release|Any CPU
		{60ACEEA8-0FAA-41A1-8D3B-819A016449EC}.Release|Any CPU.Build.0 = Release|Any CPU
	EndGlobalSection
	GlobalSection(SolutionProperties) = preSolution
		HideSolutionNode = FALSE
	EndGlobalSection
	GlobalSection(ExtensibilityGlobals) = postSolution
		SolutionGuid = {8F881D59-0CED-4450-A94B-46540B776931}
	EndGlobalSection
EndGlobal
