
Microsoft Visual Studio Solution File, Format Version 12.00
# Visual Studio Version 17
VisualStudioVersion = 17.1.32210.238
MinimumVisualStudioVersion = 10.0.40219.1
Project("{FAE04EC0-301F-11D3-BF4B-00C04F79EFBC}") = "ConsoleApp1", "ConsoleApp1\ConsoleApp1.csproj", "{B3CA8EF1-0E67-4029-899E-76DDEC3DBC58}"
EndProject
Global
	GlobalSection(SolutionConfigurationPlatforms) = preSolution
		Debug|Any CPU = Debug|Any CPU
		Release|Any CPU = Release|Any CPU
	EndGlobalSection
	GlobalSection(ProjectConfigurationPlatforms) = postSolution
		{B3CA8EF1-0E67-4029-899E-76DDEC3DBC58}.Debug|Any CPU.ActiveCfg = Debug|Any CPU
		{B3CA8EF1-0E67-4029-899E-76DDEC3DBC58}.Debug|Any CPU.Build.0 = Debug|Any CPU
		{B3CA8EF1-0E67-4029-899E-76DDEC3DBC58}.Release|Any CPU.ActiveCfg = Release|Any CPU
		{B3CA8EF1-0E67-4029-899E-76DDEC3DBC58}.Release|Any CPU.Build.0 = Release|Any CPU
	EndGlobalSection
	GlobalSection(SolutionProperties) = preSolution
		HideSolutionNode = FALSE
	EndGlobalSection
	GlobalSection(ExtensibilityGlobals) = postSolution
		SolutionGuid = {8D62DF5F-78AA-43E0-801B-757F0EFA3FE4}
	EndGlobalSection
EndGlobal
